speakeasyVersion: 1.800.1
sources:
    Media-Generation-API-MCP-OAS:
        sourceNamespace: media-generation-api-mcp-oas
        sourceRevisionDigest: sha256:58a9d4f55117d8c40c1f40dc9304777feeb8063f072246ae5a85d55bf4c8a5c2
        sourceBlobDigest: sha256:458f95d4ac1087bc84d212d5c4c5757045d98cb35b93c31f116a9107bf6deecc
        tags:
            - latest
            - 1.4.0
targets:
    cloudinary-media-generation-mcp:
        source: Media-Generation-API-MCP-OAS
        sourceNamespace: media-generation-api-mcp-oas
        sourceRevisionDigest: sha256:58a9d4f55117d8c40c1f40dc9304777feeb8063f072246ae5a85d55bf4c8a5c2
        sourceBlobDigest: sha256:458f95d4ac1087bc84d212d5c4c5757045d98cb35b93c31f116a9107bf6deecc
workflow:
    workflowVersion: 1.0.0
    speakeasyVersion: latest
    sources:
        Media-Generation-API-MCP-OAS:
            inputs:
                - location: https://cloudinary.github.io/api-schemas/media-generation/schema.yml
            overlays:
                - location: https://cloudinary.github.io/api-schemas/overlays/security-scheme-cloud-overlay.yaml
                - location: https://cloudinary.github.io/api-schemas/overlays/cloud-name-overlay.yml
            registry:
                location: registry.speakeasyapi.dev/cloudinary/cloudinary/media-generation-api-mcp-oas
    targets:
        cloudinary-media-generation-mcp:
            target: mcp-typescript
            source: Media-Generation-API-MCP-OAS
            publish:
                npm:
                    token: $npm_token
